
Microsoft Visual Studio Solution File, Format Version 12.00
# Visual Studio Version 17
VisualStudioVersion = 17.14.36414.22
MinimumVisualStudioVersion = 10.0.40219.1
Project("{FAE04EC0-301F-11D3-BF4B-00C04F79EFBC}") = "Car_Dealership", "Car_Dealership\Car_Dealership.csproj", "{48FCDA78-8E4B-4405-9A03-A952C7102313}"
EndProject
Project("{FAE04EC0-301F-11D3-BF4B-00C04F79EFBC}") = "TestProject1", "TestProject1\TestProject1.csproj", "{1209D14A-0EE0-4FA2-8766-4AD479B206F5}"
EndProject
Global
	GlobalSection(SolutionConfigurationPlatforms) = preSolution
		Debug|Any CPU = Debug|Any CPU
		Release|Any CPU = Release|Any CPU
	EndGlobalSection
	GlobalSection(ProjectConfigurationPlatforms) = postSolution
		{48FCDA78-8E4B-4405-9A03-A952C7102313}.Debug|Any CPU.ActiveCfg = Debug|Any CPU
		{48FCDA78-8E4B-4405-9A03-A952C7102313}.Debug|Any CPU.Build.0 = Debug|Any CPU
		{48FCDA78-8E4B-4405-9A03-A952C7102313}.Release|Any CPU.ActiveCfg = Release|Any CPU
		{48FCDA78-8E4B-4405-9A03-A952C7102313}.Release|Any CPU.Build.0 = Release|Any CPU
		{1209D14A-0EE0-4FA2-8766-4AD479B206F5}.Debug|Any CPU.ActiveCfg = Debug|Any CPU
		{1209D14A-0EE0-4FA2-8766-4AD479B206F5}.Debug|Any CPU.Build.0 = Debug|Any CPU
		{1209D14A-0EE0-4FA2-8766-4AD479B206F5}.Release|Any CPU.ActiveCfg = Release|Any CPU
		{1209D14A-0EE0-4FA2-8766-4AD479B206F5}.Release|Any CPU.Build.0 = Release|Any CPU
	EndGlobalSection
	GlobalSection(SolutionProperties) = preSolution
		HideSolutionNode = FALSE
	EndGlobalSection
	GlobalSection(ExtensibilityGlobals) = postSolution
		SolutionGuid = {7B7900E8-C9CC-4712-9C54-CF257ADAFACE}
	EndGlobalSection
EndGlobal
